
Microsoft Visual Studio Solution File, Format Version 12.00
# Visual Studio Version 17
VisualStudioVersion = 17.14.36221.1
MinimumVisualStudioVersion = 10.0.40219.1
Project("{FAE04EC0-301F-11D3-BF4B-00C04F79EFBC}") = "ADYS", "ADYS\ADYS.csproj", "{EB62584D-4A00-4E49-AA01-C4726DF01346}"
EndProject
Project("{FAE04EC0-301F-11D3-BF4B-00C04F79EFBC}") = "MyProject_Api", "..\..\MyProject_Api\MyProject_Api.csproj", "{8726E7D6-E40D-4B6D-A830-2A210B3BF9EF}"
EndProject
Global
	GlobalSection(SolutionConfigurationPlatforms) = preSolution
		Debug|Any CPU = Debug|Any CPU
		Release|Any CPU = Release|Any CPU
	EndGlobalSection
	GlobalSection(ProjectConfigurationPlatforms) = postSolution
		{EB62584D-4A00-4E49-AA01-C4726DF01346}.Debug|Any CPU.ActiveCfg = Debug|Any CPU
		{EB62584D-4A00-4E49-AA01-C4726DF01346}.Debug|Any CPU.Build.0 = Debug|Any CPU
		{EB62584D-4A00-4E49-AA01-C4726DF01346}.Release|Any CPU.ActiveCfg = Release|Any CPU
		{EB62584D-4A00-4E49-AA01-C4726DF01346}.Release|Any CPU.Build.0 = Release|Any CPU
		{8726E7D6-E40D-4B6D-A830-2A210B3BF9EF}.Debug|Any CPU.ActiveCfg = Debug|Any CPU
		{8726E7D6-E40D-4B6D-A830-2A210B3BF9EF}.Debug|Any CPU.Build.0 = Debug|Any CPU
		{8726E7D6-E40D-4B6D-A830-2A210B3BF9EF}.Release|Any CPU.ActiveCfg = Release|Any CPU
		{8726E7D6-E40D-4B6D-A830-2A210B3BF9EF}.Release|Any CPU.Build.0 = Release|Any CPU
	EndGlobalSection
	GlobalSection(SolutionProperties) = preSolution
		HideSolutionNode = FALSE
	EndGlobalSection
	GlobalSection(ExtensibilityGlobals) = postSolution
		SolutionGuid = {02901A1C-0013-4B98-9F5F-6C2752DA2B87}
	EndGlobalSection
EndGlobal
